
Microsoft Visual Studio Solution File, Format Version 12.00
# Visual Studio Version 16
VisualStudioVersion = 16.0.31605.320
MinimumVisualStudioVersion = 10.0.40219.1
Project("{FAE04EC0-301F-11D3-BF4B-00C04F79EFBC}") = "ShadiSystemsTask.PL", "ShadiSystemsTask.PL\ShadiSystemsTask.PL.csproj", "{FEEB0A59-1661-41D5-8169-E8B8ABCEDBBF}"
EndProject
Project("{FAE04EC0-301F-11D3-BF4B-00C04F79EFBC}") = "ShadiSystemsTask.DAL", "ShadiSystemsTask.DAL\ShadiSystemsTask.DAL.csproj", "{DBAA7542-F7AC-41FB-B293-7654AE121C8E}"
EndProject
Project("{FAE04EC0-301F-11D3-BF4B-00C04F79EFBC}") = "ShadiSystemsTask.BL", "ShadiSystemsTask.BL\ShadiSystemsTask.BL.csproj", "{4FF2F0BA-A109-43C6-80E4-6E9CF90A228E}"
EndProject
Global
	GlobalSection(SolutionConfigurationPlatforms) = preSolution
		Debug|Any CPU = Debug|Any CPU
		Release|Any CPU = Release|Any CPU
	EndGlobalSection
	GlobalSection(ProjectConfigurationPlatforms) = postSolution
		{FEEB0A59-1661-41D5-8169-E8B8ABCEDBBF}.Debug|Any CPU.ActiveCfg = Debug|Any CPU
		{FEEB0A59-1661-41D5-8169-E8B8ABCEDBBF}.Debug|Any CPU.Build.0 = Debug|Any CPU
		{FEEB0A59-1661-41D5-8169-E8B8ABCEDBBF}.Release|Any CPU.ActiveCfg = Release|Any CPU
		{FEEB0A59-1661-41D5-8169-E8B8ABCEDBBF}.Release|Any CPU.Build.0 = Release|Any CPU
		{DBAA7542-F7AC-41FB-B293-7654AE121C8E}.Debug|Any CPU.ActiveCfg = Debug|Any CPU
		{DBAA7542-F7AC-41FB-B293-7654AE121C8E}.Debug|Any CPU.Build.0 = Debug|Any CPU
		{DBAA7542-F7AC-41FB-B293-7654AE121C8E}.Release|Any CPU.ActiveCfg = Release|Any CPU
		{DBAA7542-F7AC-41FB-B293-7654AE121C8E}.Release|Any CPU.Build.0 = Release|Any CPU
		{4FF2F0BA-A109-43C6-80E4-6E9CF90A228E}.Debug|Any CPU.ActiveCfg = Debug|Any CPU
		{4FF2F0BA-A109-43C6-80E4-6E9CF90A228E}.Debug|Any CPU.Build.0 = Debug|Any CPU
		{4FF2F0BA-A109-43C6-80E4-6E9CF90A228E}.Release|Any CPU.ActiveCfg = Release|Any CPU
		{4FF2F0BA-A109-43C6-80E4-6E9CF90A228E}.Release|Any CPU.Build.0 = Release|Any CPU
	EndGlobalSection
	GlobalSection(SolutionProperties) = preSolution
		HideSolutionNode = FALSE
	EndGlobalSection
	GlobalSection(ExtensibilityGlobals) = postSolution
		SolutionGuid = {BE752503-115D-458B-94F3-DACA6FF075E5}
	EndGlobalSection
EndGlobal
